// !$*UTF8*$!
{
	archiveVersion = 1;
	classes = {
	};
	objectVersion = 46;
	objects = {

/* Begin PBXBuildFile section */
		834289F11C6060EF00D851F7 /* AppDelegate.swift in Sources */ = {isa = PBXBuildFile; fileRef = 834289F01C6060EF00D851F7 /* AppDelegate.swift */; };
		834289F31C6060EF00D851F7 /* ViewController.swift in Sources */ = {isa = PBXBuildFile; fileRef = 834289F21C6060EF00D851F7 /* ViewController.swift */; };
		834289F61C6060EF00D851F7 /* Main.storyboard in Resources */ = {isa = PBXBuildFile; fileRef = 834289F41C6060EF00D851F7 /* Main.storyboard */; };
		834289F81C6060EF00D851F7 /* Assets.xcassets in Resources */ = {isa = PBXBuildFile; fileRef = 834289F71C6060EF00D851F7 /* Assets.xcassets */; };
		834289FB1C6060EF00D851F7 /* LaunchScreen.storyboard in Resources */ = {isa = PBXBuildFile; fileRef = 834289F91C6060EF00D851F7 /* LaunchScreen.storyboard */; };
		83428A061C6060EF00D851F7 /* PostcardTests.swift in Sources */ = {isa = PBXBuildFile; fileRef = 83428A051C6060EF00D851F7 /* PostcardTests.swift */; };
		83428A111C6060EF00D851F7 /* PostcardUITests.swift in Sources */ = {isa = PBXBuildFile; fileRef = 83428A101C6060EF00D851F7 /* PostcardUITests.swift */; };
		83428A211C6062A200D851F7 /* SagradaFamilisa.jpeg in Resources */ = {isa = PBXBuildFile; fileRef = 83428A201C6062A200D851F7 /* SagradaFamilisa.jpeg */; };
		83428A231C6064DD00D851F7 /* AlbertEinsteinStamp.jpg in Resources */ = {isa = PBXBuildFile; fileRef = 83428A221C6064DD00D851F7 /* AlbertEinsteinStamp.jpg */; };
/* End PBXBuildFile section */

/* Begin PBXContainerItemProxy section */
		83428A021C6060EF00D851F7 /* PBXContainerItemProxy */ = {
			isa = PBXContainerItemProxy;
			containerPortal = 834289E51C6060EE00D851F7 /* Project object */;
			proxyType = 1;
			remoteGlobalIDString = 834289EC1C6060EE00D851F7;
			remoteInfo = Postcard;
		};
		83428A0D1C6060EF00D851F7 /* PBXContainerItemProxy */ = {
			isa = PBXContainerItemProxy;
			containerPortal = 834289E51C6060EE00D851F7 /* Project object */;
			proxyType = 1;
			remoteGlobalIDString = 834289EC1C6060EE00D851F7;
			remoteInfo = Postcard;
		};
/* End PBXContainerItemProxy section */

/* Begin PBXFileReference section */
		834289ED1C6060EF00D851F7 /* Postcard.app */ = {isa = PBXFileReference; explicitFileType = wrapper.application; includeInIndex = 0; path = Postcard.app; sourceTree = BUILT_PRODUCTS_DIR; };
		834289F01C6060EF00D851F7 /* AppDelegate.swift */ = {isa = PBXFileReference; lastKnownFileType = sourcecode.swift; path = AppDelegate.swift; sourceTree = "<group>"; };
		834289F21C6060EF00D851F7 /* ViewController.swift */ = {isa = PBXFileReference; lastKnownFileType = sourcecode.swift; path = ViewController.swift; sourceTree = "<group>"; };
		834289F51C6060EF00D851F7 /* Base */ = {isa = PBXFileReference; lastKnownFileType = file.storyboard; name = Base; path = Base.lproj/Main.storyboard; sourceTree = "<group>"; };
		834289F71C6060EF00D851F7 /* Assets.xcassets */ = {isa = PBXFileReference; lastKnownFileType = folder.assetcatalog; path = Assets.xcassets; sourceTree = "<group>"; };
		834289FA1C6060EF00D851F7 /* Base */ = {isa = PBXFileReference; lastKnownFileType = file.storyboard; name = Base; path = Base.lproj/LaunchScreen.storyboard; sourceTree = "<group>"; };
		834289FC1C6060EF00D851F7 /* Info.plist */ = {isa = PBXFileReference; lastKnownFileType = text.plist.xml; path = Info.plist; sourceTree = "<group>"; };
		83428A011C6060EF00D851F7 /* PostcardTests.xctest */ = {isa = PBXFileReference; explicitFileType = wrapper.cfbundle; includeInIndex = 0; path = PostcardTests.xctest; sourceTree = BUILT_PRODUCTS_DIR; };
		83428A051C6060EF00D851F7 /* PostcardTests.swift */ = {isa = PBXFileReference; lastKnownFileType = sourcecode.swift; path = PostcardTests.swift; sourceTree = "<group>"; };
		83428A071C6060EF00D851F7 /* Info.plist */ = {isa = PBXFileReference; lastKnownFileType = text.plist.xml; path = Info.plist; sourceTree = "<group>"; };
		83428A0C1C6060EF00D851F7 /* PostcardUITests.xctest */ = {isa = PBXFileReference; explicitFileType = wrapper.cfbundle; includeInIndex = 0; path = PostcardUITests.xctest; sourceTree = BUILT_PRODUCTS_DIR; };
		83428A101C6060EF00D851F7 /* PostcardUITests.swift */ = {isa = PBXFileReference; lastKnownFileType = sourcecode.swift; path = PostcardUITests.swift; sourceTree = "<group>"; };
		83428A121C6060EF00D851F7 /* Info.plist */ = {isa = PBXFileReference; lastKnownFileType = text.plist.xml; path = Info.plist; sourceTree = "<group>"; };
		83428A201C6062A200D851F7 /* SagradaFamilisa.jpeg */ = {isa = PBXFileReference; lastKnownFileType = image.jpeg; path = SagradaFamilisa.jpeg; sourceTree = "<group>"; };
		83428A221C6064DD00D851F7 /* AlbertEinsteinStamp.jpg */ = {isa = PBXFileReference; lastKnownFileType = image.jpeg; path = AlbertEinsteinStamp.jpg; sourceTree = "<group>"; };
/* End PBXFileReference section */

/* Begin PBXFrameworksBuildPhase section */
		834289EA1C6060EE00D851F7 /* Frameworks */ = {
			isa = PBXFrameworksBuildPhase;
			buildActionMask = 2147483647;
			files = (
			);
			runOnlyForDeploymentPostprocessing = 0;
		};
		834289FE1C6060EF00D851F7 /* Frameworks */ = {
			isa = PBXFrameworksBuildPhase;
			buildActionMask = 2147483647;
			files = (
			);
			runOnlyForDeploymentPostprocessing = 0;
		};
		83428A091C6060EF00D851F7 /* Frameworks */ = {
			isa = PBXFrameworksBuildPhase;
			buildActionMask = 2147483647;
			files = (
			);
			runOnlyForDeploymentPostprocessing = 0;
		};
/* End PBXFrameworksBuildPhase section */

/* Begin PBXGroup section */
		834289E41C6060EE00D851F7 = {
			isa = PBXGroup;
			children = (
				834289EF1C6060EF00D851F7 /* Postcard */,
				83428A041C6060EF00D851F7 /* PostcardTests */,
				83428A0F1C6060EF00D851F7 /* PostcardUITests */,
				834289EE1C6060EF00D851F7 /* Products */,
			);
			sourceTree = "<group>";
		};
		834289EE1C6060EF00D851F7 /* Products */ = {
			isa = PBXGroup;
			children = (
				834289ED1C6060EF00D851F7 /* Postcard.app */,
				83428A011C6060EF00D851F7 /* PostcardTests.xctest */,
				83428A0C1C6060EF00D851F7 /* PostcardUITests.xctest */,
			);
			name = Products;
			sourceTree = "<group>";
		};
		834289EF1C6060EF00D851F7 /* Postcard */ = {
			isa = PBXGroup;
			children = (
				834289F01C6060EF00D851F7 /* AppDelegate.swift */,
				834289F21C6060EF00D851F7 /* ViewController.swift */,
				834289F41C6060EF00D851F7 /* Main.storyboard */,
				834289F71C6060EF00D851F7 /* Assets.xcassets */,
				834289F91C6060EF00D851F7 /* LaunchScreen.storyboard */,
				834289FC1C6060EF00D851F7 /* Info.plist */,
				83428A1F1C6061E600D851F7 /* Supporting Files */,
			);
			path = Postcard;
			sourceTree = "<group>";
		};
		83428A041C6060EF00D851F7 /* PostcardTests */ = {
			isa = PBXGroup;
			children = (
				83428A051C6060EF00D851F7 /* PostcardTests.swift */,
				83428A071C6060EF00D851F7 /* Info.plist */,
			);
			path = PostcardTests;
			sourceTree = "<group>";
		};
		83428A0F1C6060EF00D851F7 /* PostcardUITests */ = {
			isa = PBXGroup;
			children = (
				83428A101C6060EF00D851F7 /* PostcardUITests.swift */,
				83428A121C6060EF00D851F7 /* Info.plist */,
			);
			path = PostcardUITests;
			sourceTree = "<group>";
		};
		83428A1F1C6061E600D851F7 /* Supporting Files */ = {
			isa = PBXGroup;
			children = (
				83428A221C6064DD00D851F7 /* AlbertEinsteinStamp.jpg */,
				83428A201C6062A200D851F7 /* SagradaFamilisa.jpeg */,
			);
			name = "Supporting Files";
			sourceTree = "<group>";
		};
/* End PBXGroup section */

/* Begin PBXNativeTarget section */
		834289EC1C6060EE00D851F7 /* Postcard */ = {
			isa = PBXNativeTarget;
			buildConfigurationList = 83428A151C6060EF00D851F7 /* Build configuration list for PBXNativeTarget "Postcard" */;
			buildPhases = (
				834289E91C6060EE00D851F7 /* Sources */,
				834289EA1C6060EE00D851F7 /* Frameworks */,
				834289EB1C6060EE00D851F7 /* Resources */,
			);
			buildRules = (
			);
			dependencies = (
			);
			name = Postcard;
			productName = Postcard;
			productReference = 834289ED1C6060EF00D851F7 /* Postcard.app */;
			productType = "com.apple.product-type.application";
		};
		83428A001C6060EF00D851F7 /* PostcardTests */ = {
			isa = PBXNativeTarget;
			buildConfigurationList = 83428A181C6060EF00D851F7 /* Build configuration list for PBXNativeTarget "PostcardTests" */;
			buildPhases = (
				834289FD1C6060EF00D851F7 /* Sources */,
				834289FE1C6060EF00D851F7 /* Frameworks */,
				834289FF1C6060EF00D851F7 /* Resources */,
			);
			buildRules = (
			);
			dependencies = (
				83428A031C6060EF00D851F7 /* PBXTargetDependency */,
			);
			name = PostcardTests;
			productName = PostcardTests;
			productReference = 83428A011C6060EF00D851F7 /* PostcardTests.xctest */;
			productType = "com.apple.product-type.bundle.unit-test";
		};
		83428A0B1C6060EF00D851F7 /* PostcardUITests */ = {
			isa = PBXNativeTarget;
			buildConfigurationList = 83428A1B1C6060EF00D851F7 /* Build configuration list for PBXNativeTarget "PostcardUITests" */;
			buildPhases = (
				83428A081C6060EF00D851F7 /* Sources */,
				83428A091C6060EF00D851F7 /* Frameworks */,
				83428A0A1C6060EF00D851F7 /* Resources */,
			);
			buildRules = (
			);
			dependencies = (
				83428A0E1C6060EF00D851F7 /* PBXTargetDependency */,
			);
			name = PostcardUITests;
			productName = PostcardUITests;
			productReference = 83428A0C1C6060EF00D851F7 /* PostcardUITests.xctest */;
			productType = "com.apple.product-type.bundle.ui-testing";
		};
/* End PBXNativeTarget section */

/* Begin PBXProject section */
		834289E51C6060EE00D851F7 /* Project object */ = {
			isa = PBXProject;
			attributes = {
				LastSwiftUpdateCheck = 0720;
				LastUpgradeCheck = 0720;
				ORGANIZATIONNAME = "Chun Lee";
				TargetAttributes = {
					834289EC1C6060EE00D851F7 = {
						CreatedOnToolsVersion = 7.2;
					};
					83428A001C6060EF00D851F7 = {
						CreatedOnToolsVersion = 7.2;
						TestTargetID = 834289EC1C6060EE00D851F7;
					};
					83428A0B1C6060EF00D851F7 = {
						CreatedOnToolsVersion = 7.2;
						TestTargetID = 834289EC1C6060EE00D851F7;
					};
				};
			};
			buildConfigurationList = 834289E81C6060EE00D851F7 /* Build configuration list for PBXProject "Postcard" */;
			compatibilityVersion = "Xcode 3.2";
			developmentRegion = English;
			hasScannedForEncodings = 0;
			knownRegions = (
				en,
				Base,
			);
			mainGroup = 834289E41C6060EE00D851F7;
			productRefGroup = 834289EE1C6060EF00D851F7 /* Products */;
			projectDirPath = "";
			projectRoot = "";
			targets = (
				834289EC1C6060EE00D851F7 /* Postcard */,
				83428A001C6060EF00D851F7 /* PostcardTests */,
				83428A0B1C6060EF00D851F7 /* PostcardUITests */,
			);
		};
/* End PBXProject section */

/* Begin PBXResourcesBuildPhase section */
		834289EB1C6060EE00D851F7 /* Resources */ = {
			isa = PBXResourcesBuildPhase;
			buildActionMask = 2147483647;
			files = (
				834289FB1C6060EF00D851F7 /* LaunchScreen.storyboard in Resources */,
				83428A211C6062A200D851F7 /* SagradaFamilisa.jpeg in Resources */,
				83428A231C6064DD00D851F7 /* AlbertEinsteinStamp.jpg in Resources */,
				834289F81C6060EF00D851F7 /* Assets.xcassets in Resources */,
				834289F61C6060EF00D851F7 /* Main.storyboard in Resources */,
			);
			runOnlyForDeploymentPostprocessing = 0;
		};
		834289FF1C6060EF00D851F7 /* Resources */ = {
			isa = PBXResourcesBuildPhase;
			buildActionMask = 2147483647;
			files = (
			);
			runOnlyForDeploymentPostprocessing = 0;
		};
		83428A0A1C6060EF00D851F7 /* Resources */ = {
			isa = PBXResourcesBuildPhase;
			buildActionMask = 2147483647;
			files = (
			);
			runOnlyForDeploymentPostprocessing = 0;
		};
/* End PBXResourcesBuildPhase section */

/* Begin PBXSourcesBuildPhase section */
		834289E91C6060EE00D851F7 /* Sources */ = {
			isa = PBXSourcesBuildPhase;
			buildActionMask = 2147483647;
			files = (
				834289F31C6060EF00D851F7 /* ViewController.swift in Sources */,
				834289F11C6060EF00D851F7 /* AppDelegate.swift in Sources */,
			);
			runOnlyForDeploymentPostprocessing = 0;
		};
		834289FD1C6060EF00D851F7 /* Sources */ = {
			isa = PBXSourcesBuildPhase;
			buildActionMask = 2147483647;
			files = (
				83428A061C6060EF00D851F7 /* PostcardTests.swift in Sources */,
			);
			runOnlyForDeploymentPostprocessing = 0;
		};
		83428A081C6060EF00D851F7 /* Sources */ = {
			isa = PBXSourcesBuildPhase;
			buildActionMask = 2147483647;
			files = (
				83428A111C6060EF00D851F7 /* PostcardUITests.swift in Sources */,
			);
			runOnlyForDeploymentPostprocessing = 0;
		};
/* End PBXSourcesBuildPhase section */

/* Begin PBXTargetDependency section */
		83428A031C6060EF00D851F7 /* PBXTargetDependency */ = {
			isa = PBXTargetDependency;
			target = 834289EC1C6060EE00D851F7 /* Postcard */;
			targetProxy = 83428A021C6060EF00D851F7 /* PBXContainerItemProxy */;
		};
		83428A0E1C6060EF00D851F7 /* PBXTargetDependency */ = {
			isa = PBXTargetDependency;
			target = 834289EC1C6060EE00D851F7 /* Postcard */;
			targetProxy = 83428A0D1C6060EF00D851F7 /* PBXContainerItemProxy */;
		};
/* End PBXTargetDependency section */

/* Begin PBXVariantGroup section */
		834289F41C6060EF00D851F7 /* Main.storyboard */ = {
			isa = PBXVariantGroup;
			children = (
				834289F51C6060EF00D851F7 /* Base */,
			);
			name = Main.storyboard;
			sourceTree = "<group>";
		};
		834289F91C6060EF00D851F7 /* LaunchScreen.storyboard */ = {
			isa = PBXVariantGroup;
			children = (
				834289FA1C6060EF00D851F7 /* Base */,
			);
			name = LaunchScreen.storyboard;
			sourceTree = "<group>";
		};
/* End PBXVariantGroup section */

/* Begin XCBuildConfiguration section */
		83428A131C6060EF00D851F7 /* Debug */ = {
			isa = XCBuildConfiguration;
			buildSettings = {
				ALWAYS_SEARCH_USER_PATHS = NO;
				CLANG_CXX_LANGUAGE_STANDARD = "gnu++0x";
				CLANG_CXX_LIBRARY = "libc++";
				CLANG_ENABLE_MODULES = YES;
				CLANG_ENABLE_OBJC_ARC = YES;
				CLANG_WARN_BOOL_CONVERSION = YES;
				CLANG_WARN_CONSTANT_CONVERSION = YES;
				CLANG_WARN_DIRECT_OBJC_ISA_USAGE = YES_ERROR;
				CLANG_WARN_EMPTY_BODY = YES;
				CLANG_WARN_ENUM_CONVERSION = YES;
				CLANG_WARN_INT_CONVERSION = YES;
				CLANG_WARN_OBJC_ROOT_CLASS = YES_ERROR;
				CLANG_WARN_UNREACHABLE_CODE = YES;
				CLANG_WARN__DUPLICATE_METHOD_MATCH = YES;
				"CODE_SIGN_IDENTITY[sdk=iphoneos*]" = "iPhone Developer";
				COPY_PHASE_STRIP = NO;
				DEBUG_INFORMATION_FORMAT = dwarf;
				ENABLE_STRICT_OBJC_MSGSEND = YES;
				ENABLE_TESTABILITY = YES;
				GCC_C_LANGUAGE_STANDARD = gnu99;
				GCC_DYNAMIC_NO_PIC = NO;
				GCC_NO_COMMON_BLOCKS = YES;
				GCC_OPTIMIZATION_LEVEL = 0;
				GCC_PREPROCESSOR_DEFINITIONS = (
					"DEBUG=1",
					"$(inherited)",
				);
				GCC_WARN_64_TO_32_BIT_CONVERSION = YES;
				GCC_WARN_ABOUT_RETURN_TYPE = YES_ERROR;
				GCC_WARN_UNDECLARED_SELECTOR = YES;
				GCC_WARN_UNINITIALIZED_AUTOS = YES_AGGRESSIVE;
				GCC_WARN_UNUSED_FUNCTION = YES;
				GCC_WARN_UNUSED_VARIABLE = YES;
				IPHONEOS_DEPLOYMENT_TARGET = 9.2;
				MTL_ENABLE_DEBUG_INFO = YES;
				ONLY_ACTIVE_ARCH = YES;
				SDKROOT = iphoneos;
				SWIFT_OPTIMIZATION_LEVEL = "-Onone";
				TARGETED_DEVICE_FAMILY = "1,2";
			};
			name = Debug;
		};
		83428A141C6060EF00D851F7 /* Release */ = {
			isa = XCBuildConfiguration;
			buildSettings = {
				ALWAYS_SEARCH_USER_PATHS = NO;
				CLANG_CXX_LANGUAGE_STANDARD = "gnu++0x";
				CLANG_CXX_LIBRARY = "libc++";
				CLANG_ENABLE_MODULES = YES;
				CLANG_ENABLE_OBJC_ARC = YES;
				CLANG_WARN_BOOL_CONVERSION = YES;
				CLANG_WARN_CONSTANT_CONVERSION = YES;
				CLANG_WARN_DIRECT_OBJC_ISA_USAGE = YES_ERROR;
				CLANG_WARN_EMPTY_BODY = YES;
				CLANG_WARN_ENUM_CONVERSION = YES;
				CLANG_WARN_INT_CONVERSION = YES;
				CLANG_WARN_OBJC_ROOT_CLASS = YES_ERROR;
				CLANG_WARN_UNREACHABLE_CODE = YES;
				CLANG_WARN__DUPLICATE_METHOD_MATCH = YES;
				"CODE_SIGN_IDENTITY[sdk=iphoneos*]" = "iPhone Developer";
				COPY_PHASE_STRIP = NO;
				DEBUG_INFORMATION_FORMAT = "dwarf-with-dsym";
				ENABLE_NS_ASSERTIONS = NO;
				ENABLE_STRICT_OBJC_MSGSEND = YES;
				GCC_C_LANGUAGE_STANDARD = gnu99;
				GCC_NO_COMMON_BLOCKS = YES;
				GCC_WARN_64_TO_32_BIT_CONVERSION = YES;
				GCC_WARN_ABOUT_RETURN_TYPE = YES_ERROR;
				GCC_WARN_UNDECLARED_SELECTOR = YES;
				GCC_WARN_UNINITIALIZED_AUTOS = YES_AGGRESSIVE;
				GCC_WARN_UNUSED_FUNCTION = YES;
				GCC_WARN_UNUSED_VARIABLE = YES;
				IPHONEOS_DEPLOYMENT_TARGET = 9.2;
				MTL_ENABLE_DEBUG_INFO = NO;
				SDKROOT = iphoneos;
				TARGETED_DEVICE_FAMILY = "1,2";
				VALIDATE_PRODUCT = YES;
			};
			name = Release;
		};
		83428A161C6060EF00D851F7 /* Debug */ = {
			isa = XCBuildConfiguration;
			buildSettings = {
				ASSETCATALOG_COMPILER_APPICON_NAME = AppIcon;
				INFOPLIST_FILE = Postcard/Info.plist;
				LD_RUNPATH_SEARCH_PATHS = "$(inherited) @executable_path/Frameworks";
				PRODUCT_BUNDLE_IDENTIFIER = self.edu.Postcard;
				PRODUCT_NAME = "$(TARGET_NAME)";
			};
			name = Debug;
		};
		83428A171C6060EF00D851F7 /* Release */ = {
			isa = XCBuildConfiguration;
			buildSettings = {
				ASSETCATALOG_COMPILER_APPICON_NAME = AppIcon;
				INFOPLIST_FILE = Postcard/Info.plist;
				LD_RUNPATH_SEARCH_PATHS = "$(inherited) @executable_path/Frameworks";
				PRODUCT_BUNDLE_IDENTIFIER = self.edu.Postcard;
				PRODUCT_NAME = "$(TARGET_NAME)";
			};
			name = Release;
		};
		83428A191C6060EF00D851F7 /* Debug */ = {
			isa = XCBuildConfiguration;
			buildSettings = {
				BUNDLE_LOADER = "$(TEST_HOST)";
				INFOPLIST_FILE = PostcardTests/Info.plist;
				LD_RUNPATH_SEARCH_PATHS = "$(inherited) @executable_path/Frameworks @loader_path/Frameworks";
				PRODUCT_BUNDLE_IDENTIFIER = self.edu.PostcardTests;
				PRODUCT_NAME = "$(TARGET_NAME)";
				TEST_HOST = "$(BUILT_PRODUCTS_DIR)/Postcard.app/Postcard";
			};
			name = Debug;
		};
		83428A1A1C6060EF00D851F7 /* Release */ = {
			isa = XCBuildConfiguration;
			buildSettings = {
				BUNDLE_LOADER = "$(TEST_HOST)";
				INFOPLIST_FILE = PostcardTests/Info.plist;
				LD_RUNPATH_SEARCH_PATHS = "$(inherited) @executable_path/Frameworks @loader_path/Frameworks";
				PRODUCT_BUNDLE_IDENTIFIER = self.edu.PostcardTests;
				PRODUCT_NAME = "$(TARGET_NAME)";
				TEST_HOST = "$(BUILT_PRODUCTS_DIR)/Postcard.app/Postcard";
			};
			name = Release;
		};
		83428A1C1C6060EF00D851F7 /* Debug */ = {
			isa = XCBuildConfiguration;
			buildSettings = {
				INFOPLIST_FILE = PostcardUITests/Info.plist;
				LD_RUNPATH_SEARCH_PATHS = "$(inherited) @executable_path/Frameworks @loader_path/Frameworks";
				PRODUCT_BUNDLE_IDENTIFIER = self.edu.PostcardUITests;
				PRODUCT_NAME = "$(TARGET_NAME)";
				TEST_TARGET_NAME = Postcard;
				USES_XCTRUNNER = YES;
			};
			name = Debug;
		};
		83428A1D1C6060EF00D851F7 /* Release */ = {
			isa = XCBuildConfiguration;
			buildSettings = {
				INFOPLIST_FILE = PostcardUITests/Info.plist;
				LD_RUNPATH_SEARCH_PATHS = "$(inherited) @executable_path/Frameworks @loader_path/Frameworks";
				PRODUCT_BUNDLE_IDENTIFIER = self.edu.PostcardUITests;
				PRODUCT_NAME = "$(TARGET_NAME)";
				TEST_TARGET_NAME = Postcard;
				USES_XCTRUNNER = YES;
			};
			name = Release;
		};
/* End XCBuildConfiguration section */

/* Begin XCConfigurationList section */
		834289E81C6060EE00D851F7 /* Build configuration list for PBXProject "Postcard" */ = {
			isa = XCConfigurationList;
			buildConfigurations = (
				83428A131C6060EF00D851F7 /* Debug */,
				83428A141C6060EF00D851F7 /* Release */,
			);
			defaultConfigurationIsVisible = 0;
			defaultConfigurationName = Release;
		};
		83428A151C6060EF00D851F7 /* Build configuration list for PBXNativeTarget "Postcard" */ = {
			isa = XCConfigurationList;
			buildConfigurations = (
				83428A161C6060EF00D851F7 /* Debug */,
				83428A171C6060EF00D851F7 /* Release */,
			);
			defaultConfigurationIsVisible = 0;
		};
		83428A181C6060EF00D851F7 /* Build configuration list for PBXNativeTarget "PostcardTests" */ = {
			isa = XCConfigurationList;
			buildConfigurations = (
				83428A191C6060EF00D851F7 /* Debug */,
				83428A1A1C6060EF00D851F7 /* Release */,
			);
			defaultConfigurationIsVisible = 0;
		};
		83428A1B1C6060EF00D851F7 /* Build configuration list for PBXNativeTarget "PostcardUITests" */ = {
			isa = XCConfigurationList;
			buildConfigurations = (
				83428A1C1C6060EF00D851F7 /* Debug */,
				83428A1D1C6060EF00D851F7 /* Release */,
			);
			defaultConfigurationIsVisible = 0;
		};
/* End XCConfigurationList section */
	};
	rootObject = 834289E51C6060EE00D851F7 /* Project object */;
}
